
Microsoft Visual Studio Solution File, Format Version 12.00
# Visual Studio 15
VisualStudioVersion = 15.0.27703.2035
MinimumVisualStudioVersion = 10.0.40219.1
Project("{FAE04EC0-301F-11D3-BF4B-00C04F79EFBC}") = "DavidKuehn.CollegeAPI.Core", "DavidKuehn.CollegeAPI.Core\DavidKuehn.CollegeAPI.Core.csproj", "{86EC3ECD-D357-4A6F-A188-53F1D567939D}"
EndProject
Project("{FAE04EC0-301F-11D3-BF4B-00C04F79EFBC}") = "DavidKuehn.CollegeAPI.Infrastructure", "DavidKuehn.CollegeAPI.Infrastructure\DavidKuehn.CollegeAPI.Infrastructure.csproj", "{435D6C83-75DD-43A2-9414-F3515409F43D}"
EndProject
Project("{FAE04EC0-301F-11D3-BF4B-00C04F79EFBC}") = "DavidKuehn.CollegeAPI.WebAPI", "DavidKuehn.CollegeAPI.WebAPI\DavidKuehn.CollegeAPI.WebAPI.csproj", "{29CD1B01-AD0A-4AA0-BFC8-F1C7191F8696}"
EndProject
Global
	GlobalSection(SolutionConfigurationPlatforms) = preSolution
		Debug|Any CPU = Debug|Any CPU
		Release|Any CPU = Release|Any CPU
	EndGlobalSection
	GlobalSection(ProjectConfigurationPlatforms) = postSolution
		{86EC3ECD-D357-4A6F-A188-53F1D567939D}.Debug|Any CPU.ActiveCfg = Debug|Any CPU
		{86EC3ECD-D357-4A6F-A188-53F1D567939D}.Debug|Any CPU.Build.0 = Debug|Any CPU
		{86EC3ECD-D357-4A6F-A188-53F1D567939D}.Release|Any CPU.ActiveCfg = Release|Any CPU
		{86EC3ECD-D357-4A6F-A188-53F1D567939D}.Release|Any CPU.Build.0 = Release|Any CPU
		{435D6C83-75DD-43A2-9414-F3515409F43D}.Debug|Any CPU.ActiveCfg = Debug|Any CPU
		{435D6C83-75DD-43A2-9414-F3515409F43D}.Debug|Any CPU.Build.0 = Debug|Any CPU
		{435D6C83-75DD-43A2-9414-F3515409F43D}.Release|Any CPU.ActiveCfg = Release|Any CPU
		{435D6C83-75DD-43A2-9414-F3515409F43D}.Release|Any CPU.Build.0 = Release|Any CPU
		{29CD1B01-AD0A-4AA0-BFC8-F1C7191F8696}.Debug|Any CPU.ActiveCfg = Debug|Any CPU
		{29CD1B01-AD0A-4AA0-BFC8-F1C7191F8696}.Debug|Any CPU.Build.0 = Debug|Any CPU
		{29CD1B01-AD0A-4AA0-BFC8-F1C7191F8696}.Release|Any CPU.ActiveCfg = Release|Any CPU
		{29CD1B01-AD0A-4AA0-BFC8-F1C7191F8696}.Release|Any CPU.Build.0 = Release|Any CPU
	EndGlobalSection
	GlobalSection(SolutionProperties) = preSolution
		HideSolutionNode = FALSE
	EndGlobalSection
	GlobalSection(ExtensibilityGlobals) = postSolution
		SolutionGuid = {76C0F24F-4B44-466F-ABC9-8CA237B93542}
	EndGlobalSection
EndGlobal
